
Microsoft Visual Studio Solution File, Format Version 12.00
# Visual Studio Version 16
VisualStudioVersion = 16.0.30711.63
MinimumVisualStudioVersion = 10.0.40219.1
Project("{FAE04EC0-301F-11D3-BF4B-00C04F79EFBC}") = "lab_3", "lab_3.csproj", "{3D572747-0027-4EF0-B639-4D10E1B729F6}"
EndProject
Global
	GlobalSection(SolutionConfigurationPlatforms) = preSolution
		Debug|Any CPU = Debug|Any CPU
		Release|Any CPU = Release|Any CPU
	EndGlobalSection
	GlobalSection(ProjectConfigurationPlatforms) = postSolution
		{3D572747-0027-4EF0-B639-4D10E1B729F6}.Debug|Any CPU.ActiveCfg = Debug|Any CPU
		{3D572747-0027-4EF0-B639-4D10E1B729F6}.Debug|Any CPU.Build.0 = Debug|Any CPU
		{3D572747-0027-4EF0-B639-4D10E1B729F6}.Release|Any CPU.ActiveCfg = Release|Any CPU
		{3D572747-0027-4EF0-B639-4D10E1B729F6}.Release|Any CPU.Build.0 = Release|Any CPU
	EndGlobalSection
	GlobalSection(SolutionProperties) = preSolution
		HideSolutionNode = FALSE
	EndGlobalSection
	GlobalSection(ExtensibilityGlobals) = postSolution
		SolutionGuid = {865B5ABE-D20F-4D91-8A97-E9C980DC5BBC}
	EndGlobalSection
EndGlobal
