
Microsoft Visual Studio Solution File, Format Version 12.00
# Visual Studio Version 16
VisualStudioVersion = 16.0.30711.63
MinimumVisualStudioVersion = 10.0.40219.1
Project("{FAE04EC0-301F-11D3-BF4B-00C04F79EFBC}") = "lab_7", "lab_7.csproj", "{0F387746-C2FC-46D7-8B5A-A0C44494819C}"
EndProject
Global
	GlobalSection(SolutionConfigurationPlatforms) = preSolution
		Debug|Any CPU = Debug|Any CPU
		Release|Any CPU = Release|Any CPU
	EndGlobalSection
	GlobalSection(ProjectConfigurationPlatforms) = postSolution
		{0F387746-C2FC-46D7-8B5A-A0C44494819C}.Debug|Any CPU.ActiveCfg = Debug|Any CPU
		{0F387746-C2FC-46D7-8B5A-A0C44494819C}.Debug|Any CPU.Build.0 = Debug|Any CPU
		{0F387746-C2FC-46D7-8B5A-A0C44494819C}.Release|Any CPU.ActiveCfg = Release|Any CPU
		{0F387746-C2FC-46D7-8B5A-A0C44494819C}.Release|Any CPU.Build.0 = Release|Any CPU
	EndGlobalSection
	GlobalSection(SolutionProperties) = preSolution
		HideSolutionNode = FALSE
	EndGlobalSection
	GlobalSection(ExtensibilityGlobals) = postSolution
		SolutionGuid = {CE197B87-B6F8-41B0-B0B0-494972D07431}
	EndGlobalSection
EndGlobal
